
Microsoft Visual Studio Solution File, Format Version 12.00
# Visual Studio Version 16
VisualStudioVersion = 16.0.32602.291
MinimumVisualStudioVersion = 10.0.40219.1
Project("{FAE04EC0-301F-11D3-BF4B-00C04F79EFBC}") = "NumbersPattren", "NumbersPattren\NumbersPattren.csproj", "{807D1D72-82CE-4D06-AC15-EA61132D510E}"
EndProject
Project("{FAE04EC0-301F-11D3-BF4B-00C04F79EFBC}") = "Hello", "Hello\Hello.csproj", "{D2F47E8E-BD1A-48F3-9CC9-04514280E73F}"
EndProject
Project("{FAE04EC0-301F-11D3-BF4B-00C04F79EFBC}") = "star_Pattern", "star_Pattern\star_Pattern.csproj", "{27068E8F-6F11-4091-8907-EA07E1735C43}"
EndProject
Project("{FAE04EC0-301F-11D3-BF4B-00C04F79EFBC}") = "Star_Pattern_2", "Star_Pattern_2\Star_Pattern_2.csproj", "{495D1846-1792-42D1-BF76-59606ED4C3B7}"
EndProject
Project("{FAE04EC0-301F-11D3-BF4B-00C04F79EFBC}") = "Inheritance_(Derived_and_Base_Class)", "Inheritance_(Derived_and_Base_Class)\Inheritance_(Derived_and_Base_Class).csproj", "{7150E7A9-05EB-4A92-81E0-98E33E62E703}"
EndProject
Project("{FAE04EC0-301F-11D3-BF4B-00C04F79EFBC}") = "interface", "interface\interface.csproj", "{6E33B9BD-CD26-49FC-88C5-24080CB9AB3A}"
EndProject
Project("{FAE04EC0-301F-11D3-BF4B-00C04F79EFBC}") = "Static _class", "Static _class\Static _class.csproj", "{547C63E8-7F9C-4495-BE16-172FEE171AC7}"
EndProject
Project("{FAE04EC0-301F-11D3-BF4B-00C04F79EFBC}") = "Session_mvc", "Session_mvc\Session_mvc.csproj", "{AEB3A651-8056-4EF4-9234-6E793B4E6DBC}"
EndProject
Project("{FAE04EC0-301F-11D3-BF4B-00C04F79EFBC}") = "seald_class", "seald_class\seald_class.csproj", "{E3C08EF8-C4E2-4223-A69E-A23371B173FE}"
EndProject
Project("{FAE04EC0-301F-11D3-BF4B-00C04F79EFBC}") = "Polymorphism", "Polymorphism\Polymorphism.csproj", "{27B76D51-B1AF-4BAE-A7D6-F4313AD626E0}"
EndProject
Project("{FAE04EC0-301F-11D3-BF4B-00C04F79EFBC}") = "partial_class", "partial_class\partial_class.csproj", "{090031B3-A15B-4846-A602-9B1854662768}"
EndProject
Project("{FAE04EC0-301F-11D3-BF4B-00C04F79EFBC}") = "generic_class", "generic_class\generic_class.csproj", "{03DFA28B-BF8F-4BF5-B7F3-6849129E273B}"
EndProject
Project("{FAE04EC0-301F-11D3-BF4B-00C04F79EFBC}") = "EvenOddNumber", "EvenOddNumber\EvenOddNumber.csproj", "{822B5EF8-737B-43CC-9951-E13A2F937760}"
EndProject
Project("{FAE04EC0-301F-11D3-BF4B-00C04F79EFBC}") = "EnumInCSharp", "EnumInCSharp\EnumInCSharp.csproj", "{39C4FFF7-7280-4133-B54D-6AACF51F605C}"
EndProject
Project("{FAE04EC0-301F-11D3-BF4B-00C04F79EFBC}") = "Encapsulation", "Encapsulation\Encapsulation.csproj", "{FD2A086B-9181-4DC8-98F5-0F61F36EBC05}"
EndProject
Project("{FAE04EC0-301F-11D3-BF4B-00C04F79EFBC}") = "abstract_class", "abstract_class\abstract_class.csproj", "{51507FD8-CE74-4304-AC38-D0BF0EC72740}"
EndProject
Project("{FAE04EC0-301F-11D3-BF4B-00C04F79EFBC}") = "BLlL", "BLlL\BLlL.csproj", "{C9FA4EBF-BE17-4FEF-8E24-C1C84179360E}"
EndProject
Project("{FAE04EC0-301F-11D3-BF4B-00C04F79EFBC}") = "DIFFERENCE _BETWEEN_NON-GENERIC_AND_GENERIC_COLLECTIONS", "DIFFERENCE _BETWEEN_NON-GENERIC_AND_GENERIC_COLLECTIONS\DIFFERENCE _BETWEEN_NON-GENERIC_AND_GENERIC_COLLECTIONS.csproj", "{B811DF46-23C7-47BF-A299-14B8F68C8287}"
EndProject
Project("{FAE04EC0-301F-11D3-BF4B-00C04F79EFBC}") = "Open–closed principle", "Open–closed principle\Open–closed principle.csproj", "{2BF9C32A-9341-4B83-9A13-93E8F00EB9EC}"
EndProject
Project("{FAE04EC0-301F-11D3-BF4B-00C04F79EFBC}") = "Files", "Files\Files.csproj", "{21DA2103-2A8A-49C5-AE00-4FBB450BAC2F}"
EndProject
Project("{FAE04EC0-301F-11D3-BF4B-00C04F79EFBC}") = "Delegates", "Delegates\Delegates.csproj", "{C16908C3-5205-4ED5-A9A6-C089F3D718F9}"
EndProject
Project("{FAE04EC0-301F-11D3-BF4B-00C04F79EFBC}") = "Boxing_And_Un-Boxing", "Boxing_And_Un-Boxing\Boxing_And_Un-Boxing.csproj", "{3DC67D4F-AB8C-40A2-8B21-FF0A57B8EB00}"
EndProject
Project("{FAE04EC0-301F-11D3-BF4B-00C04F79EFBC}") = "Single_Cast_Delegates", "Single_Cast_Delegates\Single_Cast_Delegates.csproj", "{0F948749-8411-4ACC-8D63-B393A003E510}"
EndProject
Project("{FAE04EC0-301F-11D3-BF4B-00C04F79EFBC}") = "Multipule_Delegates", "Multipule_Delegates\Multipule_Delegates.csproj", "{9D3F010B-51EA-4389-81EB-5246F3D6A3ED}"
EndProject
Project("{FAE04EC0-301F-11D3-BF4B-00C04F79EFBC}") = "Hash_Table_ Collection", "Hash_Table_ Collection\Hash_Table_ Collection.csproj", "{9B653A04-0C83-4FE8-97A6-6D32BFA0EECB}"
EndProject
Project("{FAE04EC0-301F-11D3-BF4B-00C04F79EFBC}") = "Stack_Collection", "Stack_Collection\Stack_Collection.csproj", "{12655642-3DED-4A1F-8774-16E577B8D94B}"
EndProject
Project("{FAE04EC0-301F-11D3-BF4B-00C04F79EFBC}") = "Queue _Collection", "Queue _Collection\Queue _Collection.csproj", "{4D75D079-55B3-4BDC-AA23-EBAC4C9588D5}"
EndProject
Project("{FAE04EC0-301F-11D3-BF4B-00C04F79EFBC}") = "Methods_Or_Function", "Methods_Or_Function\Methods_Or_Function.csproj", "{FF85A299-CD95-4B5F-8A3F-ECB8C0CA1B3D}"
EndProject
Project("{FAE04EC0-301F-11D3-BF4B-00C04F79EFBC}") = "params", "params\params.csproj", "{352ACE29-E43F-414B-BB88-20FF7F5F3F71}"
EndProject
Project("{FAE04EC0-301F-11D3-BF4B-00C04F79EFBC}") = "Jump_ statement", "Jump_ statement\Jump_ statement.csproj", "{0C9A3B3C-C07F-482D-9737-8CDCB69C51EB}"
EndProject
Global
	GlobalSection(SolutionConfigurationPlatforms) = preSolution
		Debug|Any CPU = Debug|Any CPU
		Release|Any CPU = Release|Any CPU
	EndGlobalSection
	GlobalSection(ProjectConfigurationPlatforms) = postSolution
		{807D1D72-82CE-4D06-AC15-EA61132D510E}.Debug|Any CPU.ActiveCfg = Debug|Any CPU
		{807D1D72-82CE-4D06-AC15-EA61132D510E}.Debug|Any CPU.Build.0 = Debug|Any CPU
		{807D1D72-82CE-4D06-AC15-EA61132D510E}.Release|Any CPU.ActiveCfg = Release|Any CPU
		{807D1D72-82CE-4D06-AC15-EA61132D510E}.Release|Any CPU.Build.0 = Release|Any CPU
		{D2F47E8E-BD1A-48F3-9CC9-04514280E73F}.Debug|Any CPU.ActiveCfg = Debug|Any CPU
		{D2F47E8E-BD1A-48F3-9CC9-04514280E73F}.Debug|Any CPU.Build.0 = Debug|Any CPU
		{D2F47E8E-BD1A-48F3-9CC9-04514280E73F}.Release|Any CPU.ActiveCfg = Release|Any CPU
		{D2F47E8E-BD1A-48F3-9CC9-04514280E73F}.Release|Any CPU.Build.0 = Release|Any CPU
		{27068E8F-6F11-4091-8907-EA07E1735C43}.Debug|Any CPU.ActiveCfg = Debug|Any CPU
		{27068E8F-6F11-4091-8907-EA07E1735C43}.Debug|Any CPU.Build.0 = Debug|Any CPU
		{27068E8F-6F11-4091-8907-EA07E1735C43}.Release|Any CPU.ActiveCfg = Release|Any CPU
		{27068E8F-6F11-4091-8907-EA07E1735C43}.Release|Any CPU.Build.0 = Release|Any CPU
		{495D1846-1792-42D1-BF76-59606ED4C3B7}.Debug|Any CPU.ActiveCfg = Debug|Any CPU
		{495D1846-1792-42D1-BF76-59606ED4C3B7}.Debug|Any CPU.Build.0 = Debug|Any CPU
		{495D1846-1792-42D1-BF76-59606ED4C3B7}.Release|Any CPU.ActiveCfg = Release|Any CPU
		{495D1846-1792-42D1-BF76-59606ED4C3B7}.Release|Any CPU.Build.0 = Release|Any CPU
		{7150E7A9-05EB-4A92-81E0-98E33E62E703}.Debug|Any CPU.ActiveCfg = Debug|Any CPU
		{7150E7A9-05EB-4A92-81E0-98E33E62E703}.Debug|Any CPU.Build.0 = Debug|Any CPU
		{7150E7A9-05EB-4A92-81E0-98E33E62E703}.Release|Any CPU.ActiveCfg = Release|Any CPU
		{7150E7A9-05EB-4A92-81E0-98E33E62E703}.Release|Any CPU.Build.0 = Release|Any CPU
		{6E33B9BD-CD26-49FC-88C5-24080CB9AB3A}.Debug|Any CPU.ActiveCfg = Debug|Any CPU
		{6E33B9BD-CD26-49FC-88C5-24080CB9AB3A}.Debug|Any CPU.Build.0 = Debug|Any CPU
		{6E33B9BD-CD26-49FC-88C5-24080CB9AB3A}.Release|Any CPU.ActiveCfg = Release|Any CPU
		{6E33B9BD-CD26-49FC-88C5-24080CB9AB3A}.Release|Any CPU.Build.0 = Release|Any CPU
		{547C63E8-7F9C-4495-BE16-172FEE171AC7}.Debug|Any CPU.ActiveCfg = Debug|Any CPU
		{547C63E8-7F9C-4495-BE16-172FEE171AC7}.Debug|Any CPU.Build.0 = Debug|Any CPU
		{547C63E8-7F9C-4495-BE16-172FEE171AC7}.Release|Any CPU.ActiveCfg = Release|Any CPU
		{547C63E8-7F9C-4495-BE16-172FEE171AC7}.Release|Any CPU.Build.0 = Release|Any CPU
		{AEB3A651-8056-4EF4-9234-6E793B4E6DBC}.Debug|Any CPU.ActiveCfg = Debug|Any CPU
		{AEB3A651-8056-4EF4-9234-6E793B4E6DBC}.Debug|Any CPU.Build.0 = Debug|Any CPU
		{AEB3A651-8056-4EF4-9234-6E793B4E6DBC}.Release|Any CPU.ActiveCfg = Release|Any CPU
		{AEB3A651-8056-4EF4-9234-6E793B4E6DBC}.Release|Any CPU.Build.0 = Release|Any CPU
		{E3C08EF8-C4E2-4223-A69E-A23371B173FE}.Debug|Any CPU.ActiveCfg = Debug|Any CPU
		{E3C08EF8-C4E2-4223-A69E-A23371B173FE}.Debug|Any CPU.Build.0 = Debug|Any CPU
		{E3C08EF8-C4E2-4223-A69E-A23371B173FE}.Release|Any CPU.ActiveCfg = Release|Any CPU
		{E3C08EF8-C4E2-4223-A69E-A23371B173FE}.Release|Any CPU.Build.0 = Release|Any CPU
		{27B76D51-B1AF-4BAE-A7D6-F4313AD626E0}.Debug|Any CPU.ActiveCfg = Debug|Any CPU
		{27B76D51-B1AF-4BAE-A7D6-F4313AD626E0}.Debug|Any CPU.Build.0 = Debug|Any CPU
		{27B76D51-B1AF-4BAE-A7D6-F4313AD626E0}.Release|Any CPU.ActiveCfg = Release|Any CPU
		{27B76D51-B1AF-4BAE-A7D6-F4313AD626E0}.Release|Any CPU.Build.0 = Release|Any CPU
		{090031B3-A15B-4846-A602-9B1854662768}.Debug|Any CPU.ActiveCfg = Debug|Any CPU
		{090031B3-A15B-4846-A602-9B1854662768}.Debug|Any CPU.Build.0 = Debug|Any CPU
		{090031B3-A15B-4846-A602-9B1854662768}.Release|Any CPU.ActiveCfg = Release|Any CPU
		{090031B3-A15B-4846-A602-9B1854662768}.Release|Any CPU.Build.0 = Release|Any CPU
		{03DFA28B-BF8F-4BF5-B7F3-6849129E273B}.Debug|Any CPU.ActiveCfg = Debug|Any CPU
		{03DFA28B-BF8F-4BF5-B7F3-6849129E273B}.Debug|Any CPU.Build.0 = Debug|Any CPU
		{03DFA28B-BF8F-4BF5-B7F3-6849129E273B}.Release|Any CPU.ActiveCfg = Release|Any CPU
		{03DFA28B-BF8F-4BF5-B7F3-6849129E273B}.Release|Any CPU.Build.0 = Release|Any CPU
		{822B5EF8-737B-43CC-9951-E13A2F937760}.Debug|Any CPU.ActiveCfg = Debug|Any CPU
		{822B5EF8-737B-43CC-9951-E13A2F937760}.Debug|Any CPU.Build.0 = Debug|Any CPU
		{822B5EF8-737B-43CC-9951-E13A2F937760}.Release|Any CPU.ActiveCfg = Release|Any CPU
		{822B5EF8-737B-43CC-9951-E13A2F937760}.Release|Any CPU.Build.0 = Release|Any CPU
		{39C4FFF7-7280-4133-B54D-6AACF51F605C}.Debug|Any CPU.ActiveCfg = Debug|Any CPU
		{39C4FFF7-7280-4133-B54D-6AACF51F605C}.Debug|Any CPU.Build.0 = Debug|Any CPU
		{39C4FFF7-7280-4133-B54D-6AACF51F605C}.Release|Any CPU.ActiveCfg = Release|Any CPU
		{39C4FFF7-7280-4133-B54D-6AACF51F605C}.Release|Any CPU.Build.0 = Release|Any CPU
		{FD2A086B-9181-4DC8-98F5-0F61F36EBC05}.Debug|Any CPU.ActiveCfg = Debug|Any CPU
		{FD2A086B-9181-4DC8-98F5-0F61F36EBC05}.Debug|Any CPU.Build.0 = Debug|Any CPU
		{FD2A086B-9181-4DC8-98F5-0F61F36EBC05}.Release|Any CPU.ActiveCfg = Release|Any CPU
		{FD2A086B-9181-4DC8-98F5-0F61F36EBC05}.Release|Any CPU.Build.0 = Release|Any CPU
		{51507FD8-CE74-4304-AC38-D0BF0EC72740}.Debug|Any CPU.ActiveCfg = Debug|Any CPU
		{51507FD8-CE74-4304-AC38-D0BF0EC72740}.Debug|Any CPU.Build.0 = Debug|Any CPU
		{51507FD8-CE74-4304-AC38-D0BF0EC72740}.Release|Any CPU.ActiveCfg = Release|Any CPU
		{51507FD8-CE74-4304-AC38-D0BF0EC72740}.Release|Any CPU.Build.0 = Release|Any CPU
		{C9FA4EBF-BE17-4FEF-8E24-C1C84179360E}.Debug|Any CPU.ActiveCfg = Debug|Any CPU
		{C9FA4EBF-BE17-4FEF-8E24-C1C84179360E}.Debug|Any CPU.Build.0 = Debug|Any CPU
		{C9FA4EBF-BE17-4FEF-8E24-C1C84179360E}.Release|Any CPU.ActiveCfg = Release|Any CPU
		{C9FA4EBF-BE17-4FEF-8E24-C1C84179360E}.Release|Any CPU.Build.0 = Release|Any CPU
		{B811DF46-23C7-47BF-A299-14B8F68C8287}.Debug|Any CPU.ActiveCfg = Debug|Any CPU
		{B811DF46-23C7-47BF-A299-14B8F68C8287}.Debug|Any CPU.Build.0 = Debug|Any CPU
		{B811DF46-23C7-47BF-A299-14B8F68C8287}.Release|Any CPU.ActiveCfg = Release|Any CPU
		{B811DF46-23C7-47BF-A299-14B8F68C8287}.Release|Any CPU.Build.0 = Release|Any CPU
		{2BF9C32A-9341-4B83-9A13-93E8F00EB9EC}.Debug|Any CPU.ActiveCfg = Debug|Any CPU
		{2BF9C32A-9341-4B83-9A13-93E8F00EB9EC}.Debug|Any CPU.Build.0 = Debug|Any CPU
		{2BF9C32A-9341-4B83-9A13-93E8F00EB9EC}.Release|Any CPU.ActiveCfg = Release|Any CPU
		{2BF9C32A-9341-4B83-9A13-93E8F00EB9EC}.Release|Any CPU.Build.0 = Release|Any CPU
		{21DA2103-2A8A-49C5-AE00-4FBB450BAC2F}.Debug|Any CPU.ActiveCfg = Debug|Any CPU
		{21DA2103-2A8A-49C5-AE00-4FBB450BAC2F}.Debug|Any CPU.Build.0 = Debug|Any CPU
		{21DA2103-2A8A-49C5-AE00-4FBB450BAC2F}.Release|Any CPU.ActiveCfg = Release|Any CPU
		{21DA2103-2A8A-49C5-AE00-4FBB450BAC2F}.Release|Any CPU.Build.0 = Release|Any CPU
		{C16908C3-5205-4ED5-A9A6-C089F3D718F9}.Debug|Any CPU.ActiveCfg = Debug|Any CPU
		{C16908C3-5205-4ED5-A9A6-C089F3D718F9}.Debug|Any CPU.Build.0 = Debug|Any CPU
		{C16908C3-5205-4ED5-A9A6-C089F3D718F9}.Release|Any CPU.ActiveCfg = Release|Any CPU
		{C16908C3-5205-4ED5-A9A6-C089F3D718F9}.Release|Any CPU.Build.0 = Release|Any CPU
		{3DC67D4F-AB8C-40A2-8B21-FF0A57B8EB00}.Debug|Any CPU.ActiveCfg = Debug|Any CPU
		{3DC67D4F-AB8C-40A2-8B21-FF0A57B8EB00}.Debug|Any CPU.Build.0 = Debug|Any CPU
		{3DC67D4F-AB8C-40A2-8B21-FF0A57B8EB00}.Release|Any CPU.ActiveCfg = Release|Any CPU
		{3DC67D4F-AB8C-40A2-8B21-FF0A57B8EB00}.Release|Any CPU.Build.0 = Release|Any CPU
		{0F948749-8411-4ACC-8D63-B393A003E510}.Debug|Any CPU.ActiveCfg = Debug|Any CPU
		{0F948749-8411-4ACC-8D63-B393A003E510}.Debug|Any CPU.Build.0 = Debug|Any CPU
		{0F948749-8411-4ACC-8D63-B393A003E510}.Release|Any CPU.ActiveCfg = Release|Any CPU
		{0F948749-8411-4ACC-8D63-B393A003E510}.Release|Any CPU.Build.0 = Release|Any CPU
		{9D3F010B-51EA-4389-81EB-5246F3D6A3ED}.Debug|Any CPU.ActiveCfg = Debug|Any CPU
		{9D3F010B-51EA-4389-81EB-5246F3D6A3ED}.Debug|Any CPU.Build.0 = Debug|Any CPU
		{9D3F010B-51EA-4389-81EB-5246F3D6A3ED}.Release|Any CPU.ActiveCfg = Release|Any CPU
		{9D3F010B-51EA-4389-81EB-5246F3D6A3ED}.Release|Any CPU.Build.0 = Release|Any CPU
		{9B653A04-0C83-4FE8-97A6-6D32BFA0EECB}.Debug|Any CPU.ActiveCfg = Debug|Any CPU
		{9B653A04-0C83-4FE8-97A6-6D32BFA0EECB}.Debug|Any CPU.Build.0 = Debug|Any CPU
		{9B653A04-0C83-4FE8-97A6-6D32BFA0EECB}.Release|Any CPU.ActiveCfg = Release|Any CPU
		{9B653A04-0C83-4FE8-97A6-6D32BFA0EECB}.Release|Any CPU.Build.0 = Release|Any CPU
		{12655642-3DED-4A1F-8774-16E577B8D94B}.Debug|Any CPU.ActiveCfg = Debug|Any CPU
		{12655642-3DED-4A1F-8774-16E577B8D94B}.Debug|Any CPU.Build.0 = Debug|Any CPU
		{12655642-3DED-4A1F-8774-16E577B8D94B}.Release|Any CPU.ActiveCfg = Release|Any CPU
		{12655642-3DED-4A1F-8774-16E577B8D94B}.Release|Any CPU.Build.0 = Release|Any CPU
		{4D75D079-55B3-4BDC-AA23-EBAC4C9588D5}.Debug|Any CPU.ActiveCfg = Debug|Any CPU
		{4D75D079-55B3-4BDC-AA23-EBAC4C9588D5}.Debug|Any CPU.Build.0 = Debug|Any CPU
		{4D75D079-55B3-4BDC-AA23-EBAC4C9588D5}.Release|Any CPU.ActiveCfg = Release|Any CPU
		{4D75D079-55B3-4BDC-AA23-EBAC4C9588D5}.Release|Any CPU.Build.0 = Release|Any CPU
		{FF85A299-CD95-4B5F-8A3F-ECB8C0CA1B3D}.Debug|Any CPU.ActiveCfg = Debug|Any CPU
		{FF85A299-CD95-4B5F-8A3F-ECB8C0CA1B3D}.Debug|Any CPU.Build.0 = Debug|Any CPU
		{FF85A299-CD95-4B5F-8A3F-ECB8C0CA1B3D}.Release|Any CPU.ActiveCfg = Release|Any CPU
		{FF85A299-CD95-4B5F-8A3F-ECB8C0CA1B3D}.Release|Any CPU.Build.0 = Release|Any CPU
		{352ACE29-E43F-414B-BB88-20FF7F5F3F71}.Debug|Any CPU.ActiveCfg = Debug|Any CPU
		{352ACE29-E43F-414B-BB88-20FF7F5F3F71}.Debug|Any CPU.Build.0 = Debug|Any CPU
		{352ACE29-E43F-414B-BB88-20FF7F5F3F71}.Release|Any CPU.ActiveCfg = Release|Any CPU
		{352ACE29-E43F-414B-BB88-20FF7F5F3F71}.Release|Any CPU.Build.0 = Release|Any CPU
		{0C9A3B3C-C07F-482D-9737-8CDCB69C51EB}.Debug|Any CPU.ActiveCfg = Debug|Any CPU
		{0C9A3B3C-C07F-482D-9737-8CDCB69C51EB}.Debug|Any CPU.Build.0 = Debug|Any CPU
		{0C9A3B3C-C07F-482D-9737-8CDCB69C51EB}.Release|Any CPU.ActiveCfg = Release|Any CPU
		{0C9A3B3C-C07F-482D-9737-8CDCB69C51EB}.Release|Any CPU.Build.0 = Release|Any CPU
	EndGlobalSection
	GlobalSection(SolutionProperties) = preSolution
		HideSolutionNode = FALSE
	EndGlobalSection
	GlobalSection(ExtensibilityGlobals) = postSolution
		SolutionGuid = {CE4FE4A8-CF22-4FCA-BD00-52A93159E66C}
	EndGlobalSection
EndGlobal
