
Microsoft Visual Studio Solution File, Format Version 12.00
# Visual Studio Version 17
VisualStudioVersion = 17.2.32526.322
MinimumVisualStudioVersion = 10.0.40219.1
Project("{FAE04EC0-301F-11D3-BF4B-00C04F79EFBC}") = "NumbersPattren", "NumbersPattren\NumbersPattren.csproj", "{807D1D72-82CE-4D06-AC15-EA61132D510E}"
EndProject
Global
	GlobalSection(SolutionConfigurationPlatforms) = preSolution
		Debug|Any CPU = Debug|Any CPU
		Release|Any CPU = Release|Any CPU
	EndGlobalSection
	GlobalSection(ProjectConfigurationPlatforms) = postSolution
		{807D1D72-82CE-4D06-AC15-EA61132D510E}.Debug|Any CPU.ActiveCfg = Debug|Any CPU
		{807D1D72-82CE-4D06-AC15-EA61132D510E}.Debug|Any CPU.Build.0 = Debug|Any CPU
		{807D1D72-82CE-4D06-AC15-EA61132D510E}.Release|Any CPU.ActiveCfg = Release|Any CPU
		{807D1D72-82CE-4D06-AC15-EA61132D510E}.Release|Any CPU.Build.0 = Release|Any CPU
	EndGlobalSection
	GlobalSection(SolutionProperties) = preSolution
		HideSolutionNode = FALSE
	EndGlobalSection
	GlobalSection(ExtensibilityGlobals) = postSolution
		SolutionGuid = {CE4FE4A8-CF22-4FCA-BD00-52A93159E66C}
	EndGlobalSection
EndGlobal
